
Microsoft Visual Studio Solution File, Format Version 12.00
# Visual Studio 15
VisualStudioVersion = 15.0.26403.7
MinimumVisualStudioVersion = 10.0.40219.1
Project("{2150E333-8FDC-42A3-9474-1A3956D46DE8}") = "Feature", "Feature", "{A625C89D-C77F-4E5C-AE2A-80C96E517CC7}"
EndProject
Project("{FAE04EC0-301F-11D3-BF4B-00C04F79EFBC}") = "Bonfire.Feature.KickfireService", "src\Feature\KickfireService\code\Bonfire.Feature.KickfireService.csproj", "{B844F84C-4A3B-4731-A3D8-780BCE4DD8C8}"
EndProject
Project("{2150E333-8FDC-42A3-9474-1A3956D46DE8}") = "Platform", "Platform", "{8E82E4A9-F83C-435D-A062-79164F2DCC8D}"
EndProject
Project("{2150E333-8FDC-42A3-9474-1A3956D46DE8}") = "Foundation", "Foundation", "{3CF9024E-EABA-4EA8-ADE2-1C58A683FB55}"
EndProject
Project("{2150E333-8FDC-42A3-9474-1A3956D46DE8}") = "KickfireService", "KickfireService", "{6BF51DA5-6C9B-4848-B0C2-8A2E7816E8E9}"
EndProject
Project("{2150E333-8FDC-42A3-9474-1A3956D46DE8}") = "CacheService", "CacheService", "{24850DB7-6CCE-4409-B33B-5AD2F4AD4379}"
EndProject
Project("{2150E333-8FDC-42A3-9474-1A3956D46DE8}") = "Library", "Library", "{F1457D9E-9A38-42E1-A94C-AE49EA3FB21E}"
EndProject
Project("{FAE04EC0-301F-11D3-BF4B-00C04F79EFBC}") = "Bonfire.Foundation.Kickfire.CacheService", "src\Foundation\CacheService\code\Bonfire.Foundation.Kickfire.CacheService.csproj", "{C6CDFAE6-BEEA-41A4-984F-C3DC57AAC55E}"
EndProject
Project("{FAE04EC0-301F-11D3-BF4B-00C04F79EFBC}") = "Bonfire.Foundation.Kickfire.Library", "src\Foundation\Library\code\Bonfire.Foundation.Kickfire.Library.csproj", "{1B87945B-CF36-428C-9EDD-8D331F8B2806}"
EndProject
Project("{2150E333-8FDC-42A3-9474-1A3956D46DE8}") = "KickfireCore", "KickfireCore", "{D1EC470A-2B70-4D35-AEFF-464CDCE377E1}"
EndProject
Project("{FAE04EC0-301F-11D3-BF4B-00C04F79EFBC}") = "Bonfire.Feature.KickfireCore", "src\Feature\KickfireCore\code\Bonfire.Feature.KickfireCore.csproj", "{CF2EA81A-EC3A-4833-8DE6-798BF884A4C2}"
EndProject
Project("{2150E333-8FDC-42A3-9474-1A3956D46DE8}") = "XConnectService", "XConnectService", "{1A444C8C-71BF-4B93-8E47-78C69A43FC86}"
EndProject
Project("{FAE04EC0-301F-11D3-BF4B-00C04F79EFBC}") = "Bonfire.Foundation.XConnectService", "src\Foundation\XConnectService\code\Bonfire.Foundation.XConnectService.csproj", "{752C5C9E-A15B-4A29-98B1-35A93C57C35E}"
EndProject
Project("{2150E333-8FDC-42A3-9474-1A3956D46DE8}") = ".tds", ".tds", "{5FAEE57D-D334-42B0-8ACC-7FDCFB059A9F}"
	ProjectSection(SolutionItems) = preProject
		TdsGlobal.config = TdsGlobal.config
	EndProjectSection
EndProject
Project("{2150E333-8FDC-42A3-9474-1A3956D46DE8}") = "Project", "Project", "{3ADF73BC-3C29-4EA5-A022-FD9CE48E85DB}"
EndProject
Project("{2150E333-8FDC-42A3-9474-1A3956D46DE8}") = "Kickfire", "Kickfire", "{9357C991-D289-4E5E-A976-9C7E80B93B53}"
EndProject
Project("{FAE04EC0-301F-11D3-BF4B-00C04F79EFBC}") = "KickfireCore.Model.Builder", "src\Feature\KickfireCore\builder\Kickfire.Model.Builder\KickfireCore.Model.Builder.csproj", "{6656C010-251E-4993-A38D-EC9C51A9764C}"
EndProject
Project("{CAA73BB0-EF22-4D79-A57E-DF67B3BA9C80}") = "Kickfire.Content.Master", "src\Project\Kickfire\tds\Kickfire.Content.Master\Kickfire.Content.Master.scproj", "{E28BB9B3-CC9D-4607-936C-8C190F5BBFBF}"
EndProject
Project("{2150E333-8FDC-42A3-9474-1A3956D46DE8}") = "Demo", "Demo", "{7C0357E7-E328-4BB3-AEAD-F04648AFBC24}"
EndProject
Project("{FAE04EC0-301F-11D3-BF4B-00C04F79EFBC}") = "KickfireDemo", "src\Project\Demo\code\KickfireDemo.csproj", "{3C65B9FD-8C33-4AD4-973F-5CF2C077A0DC}"
EndProject
Project("{CAA73BB0-EF22-4D79-A57E-DF67B3BA9C80}") = "KickfireDemo.Master", "src\Project\Demo\tds\KickfireDemo.Master\KickfireDemo.Master.scproj", "{1804CE58-9D6C-4392-8CB0-B969912B82BD}"
EndProject
Project("{CAA73BB0-EF22-4D79-A57E-DF67B3BA9C80}") = "Bonfire.Kickfire.Deployment", "src\Platform\tds\Bonfire.Kickfire.Deployment\Bonfire.Kickfire.Deployment.scproj", "{BE2A78DD-DD97-40D4-B37E-B92083C198A2}"
EndProject
Global
	GlobalSection(SolutionConfigurationPlatforms) = preSolution
		Debug|Any CPU = Debug|Any CPU
		Release|Any CPU = Release|Any CPU
	EndGlobalSection
	GlobalSection(ProjectConfigurationPlatforms) = postSolution
		{B844F84C-4A3B-4731-A3D8-780BCE4DD8C8}.Debug|Any CPU.ActiveCfg = Debug|Any CPU
		{B844F84C-4A3B-4731-A3D8-780BCE4DD8C8}.Debug|Any CPU.Build.0 = Debug|Any CPU
		{B844F84C-4A3B-4731-A3D8-780BCE4DD8C8}.Release|Any CPU.ActiveCfg = Release|Any CPU
		{B844F84C-4A3B-4731-A3D8-780BCE4DD8C8}.Release|Any CPU.Build.0 = Release|Any CPU
		{C6CDFAE6-BEEA-41A4-984F-C3DC57AAC55E}.Debug|Any CPU.ActiveCfg = Debug|Any CPU
		{C6CDFAE6-BEEA-41A4-984F-C3DC57AAC55E}.Debug|Any CPU.Build.0 = Debug|Any CPU
		{C6CDFAE6-BEEA-41A4-984F-C3DC57AAC55E}.Release|Any CPU.ActiveCfg = Release|Any CPU
		{C6CDFAE6-BEEA-41A4-984F-C3DC57AAC55E}.Release|Any CPU.Build.0 = Release|Any CPU
		{1B87945B-CF36-428C-9EDD-8D331F8B2806}.Debug|Any CPU.ActiveCfg = Debug|Any CPU
		{1B87945B-CF36-428C-9EDD-8D331F8B2806}.Debug|Any CPU.Build.0 = Debug|Any CPU
		{1B87945B-CF36-428C-9EDD-8D331F8B2806}.Release|Any CPU.ActiveCfg = Release|Any CPU
		{1B87945B-CF36-428C-9EDD-8D331F8B2806}.Release|Any CPU.Build.0 = Release|Any CPU
		{CF2EA81A-EC3A-4833-8DE6-798BF884A4C2}.Debug|Any CPU.ActiveCfg = Debug|Any CPU
		{CF2EA81A-EC3A-4833-8DE6-798BF884A4C2}.Debug|Any CPU.Build.0 = Debug|Any CPU
		{CF2EA81A-EC3A-4833-8DE6-798BF884A4C2}.Release|Any CPU.ActiveCfg = Release|Any CPU
		{CF2EA81A-EC3A-4833-8DE6-798BF884A4C2}.Release|Any CPU.Build.0 = Release|Any CPU
		{752C5C9E-A15B-4A29-98B1-35A93C57C35E}.Debug|Any CPU.ActiveCfg = Debug|Any CPU
		{752C5C9E-A15B-4A29-98B1-35A93C57C35E}.Debug|Any CPU.Build.0 = Debug|Any CPU
		{752C5C9E-A15B-4A29-98B1-35A93C57C35E}.Release|Any CPU.ActiveCfg = Release|Any CPU
		{752C5C9E-A15B-4A29-98B1-35A93C57C35E}.Release|Any CPU.Build.0 = Release|Any CPU
		{6656C010-251E-4993-A38D-EC9C51A9764C}.Debug|Any CPU.ActiveCfg = Debug|Any CPU
		{6656C010-251E-4993-A38D-EC9C51A9764C}.Debug|Any CPU.Build.0 = Debug|Any CPU
		{6656C010-251E-4993-A38D-EC9C51A9764C}.Release|Any CPU.ActiveCfg = Release|Any CPU
		{6656C010-251E-4993-A38D-EC9C51A9764C}.Release|Any CPU.Build.0 = Release|Any CPU
		{E28BB9B3-CC9D-4607-936C-8C190F5BBFBF}.Debug|Any CPU.ActiveCfg = Debug|Any CPU
		{E28BB9B3-CC9D-4607-936C-8C190F5BBFBF}.Debug|Any CPU.Build.0 = Debug|Any CPU
		{E28BB9B3-CC9D-4607-936C-8C190F5BBFBF}.Debug|Any CPU.Deploy.0 = Debug|Any CPU
		{E28BB9B3-CC9D-4607-936C-8C190F5BBFBF}.Release|Any CPU.ActiveCfg = Release|Any CPU
		{E28BB9B3-CC9D-4607-936C-8C190F5BBFBF}.Release|Any CPU.Build.0 = Release|Any CPU
		{E28BB9B3-CC9D-4607-936C-8C190F5BBFBF}.Release|Any CPU.Deploy.0 = Release|Any CPU
		{3C65B9FD-8C33-4AD4-973F-5CF2C077A0DC}.Debug|Any CPU.ActiveCfg = Debug|Any CPU
		{3C65B9FD-8C33-4AD4-973F-5CF2C077A0DC}.Debug|Any CPU.Build.0 = Debug|Any CPU
		{3C65B9FD-8C33-4AD4-973F-5CF2C077A0DC}.Release|Any CPU.ActiveCfg = Release|Any CPU
		{3C65B9FD-8C33-4AD4-973F-5CF2C077A0DC}.Release|Any CPU.Build.0 = Release|Any CPU
		{1804CE58-9D6C-4392-8CB0-B969912B82BD}.Debug|Any CPU.ActiveCfg = Debug|Any CPU
		{1804CE58-9D6C-4392-8CB0-B969912B82BD}.Debug|Any CPU.Build.0 = Debug|Any CPU
		{1804CE58-9D6C-4392-8CB0-B969912B82BD}.Debug|Any CPU.Deploy.0 = Debug|Any CPU
		{1804CE58-9D6C-4392-8CB0-B969912B82BD}.Release|Any CPU.ActiveCfg = Release|Any CPU
		{1804CE58-9D6C-4392-8CB0-B969912B82BD}.Release|Any CPU.Build.0 = Release|Any CPU
		{1804CE58-9D6C-4392-8CB0-B969912B82BD}.Release|Any CPU.Deploy.0 = Release|Any CPU
		{BE2A78DD-DD97-40D4-B37E-B92083C198A2}.Debug|Any CPU.ActiveCfg = Debug|Any CPU
		{BE2A78DD-DD97-40D4-B37E-B92083C198A2}.Release|Any CPU.ActiveCfg = Release|Any CPU
		{BE2A78DD-DD97-40D4-B37E-B92083C198A2}.Release|Any CPU.Build.0 = Release|Any CPU
		{BE2A78DD-DD97-40D4-B37E-B92083C198A2}.Release|Any CPU.Deploy.0 = Release|Any CPU
	EndGlobalSection
	GlobalSection(SolutionProperties) = preSolution
		HideSolutionNode = FALSE
	EndGlobalSection
	GlobalSection(NestedProjects) = preSolution
		{B844F84C-4A3B-4731-A3D8-780BCE4DD8C8} = {6BF51DA5-6C9B-4848-B0C2-8A2E7816E8E9}
		{6BF51DA5-6C9B-4848-B0C2-8A2E7816E8E9} = {A625C89D-C77F-4E5C-AE2A-80C96E517CC7}
		{24850DB7-6CCE-4409-B33B-5AD2F4AD4379} = {3CF9024E-EABA-4EA8-ADE2-1C58A683FB55}
		{F1457D9E-9A38-42E1-A94C-AE49EA3FB21E} = {3CF9024E-EABA-4EA8-ADE2-1C58A683FB55}
		{C6CDFAE6-BEEA-41A4-984F-C3DC57AAC55E} = {24850DB7-6CCE-4409-B33B-5AD2F4AD4379}
		{1B87945B-CF36-428C-9EDD-8D331F8B2806} = {F1457D9E-9A38-42E1-A94C-AE49EA3FB21E}
		{D1EC470A-2B70-4D35-AEFF-464CDCE377E1} = {6BF51DA5-6C9B-4848-B0C2-8A2E7816E8E9}
		{CF2EA81A-EC3A-4833-8DE6-798BF884A4C2} = {D1EC470A-2B70-4D35-AEFF-464CDCE377E1}
		{1A444C8C-71BF-4B93-8E47-78C69A43FC86} = {3CF9024E-EABA-4EA8-ADE2-1C58A683FB55}
		{752C5C9E-A15B-4A29-98B1-35A93C57C35E} = {1A444C8C-71BF-4B93-8E47-78C69A43FC86}
		{9357C991-D289-4E5E-A976-9C7E80B93B53} = {3ADF73BC-3C29-4EA5-A022-FD9CE48E85DB}
		{6656C010-251E-4993-A38D-EC9C51A9764C} = {D1EC470A-2B70-4D35-AEFF-464CDCE377E1}
		{E28BB9B3-CC9D-4607-936C-8C190F5BBFBF} = {9357C991-D289-4E5E-A976-9C7E80B93B53}
		{7C0357E7-E328-4BB3-AEAD-F04648AFBC24} = {3ADF73BC-3C29-4EA5-A022-FD9CE48E85DB}
		{3C65B9FD-8C33-4AD4-973F-5CF2C077A0DC} = {7C0357E7-E328-4BB3-AEAD-F04648AFBC24}
		{1804CE58-9D6C-4392-8CB0-B969912B82BD} = {7C0357E7-E328-4BB3-AEAD-F04648AFBC24}
		{BE2A78DD-DD97-40D4-B37E-B92083C198A2} = {8E82E4A9-F83C-435D-A062-79164F2DCC8D}
	EndGlobalSection
	GlobalSection(ExtensibilityGlobals) = postSolution
		EnterpriseLibraryConfigurationToolBinariesPathV6 = packages\EnterpriseLibrary.Common.6.0.1304.0\lib\NET45;packages\EnterpriseLibrary.TransientFaultHandling.6.0.1304.0\lib\portable-net45+win+wp8;packages\EnterpriseLibrary.TransientFaultHandling.Caching.6.0.1304.0\lib\NET45;packages\EnterpriseLibrary.TransientFaultHandling.Data.6.0.1304.1\lib\NET45;packages\EnterpriseLibrary.TransientFaultHandling.ServiceBus.6.0.1304.0\lib\NET45;packages\EnterpriseLibrary.TransientFaultHandling.WindowsAzure.Storage.6.0.1304.0\lib\NET45;packages\EnterpriseLibrary.TransientFaultHandling.Configuration.6.0.1304.0\lib\NET45
		SolutionGuid = {1E602087-685C-4CC2-B084-95024795A051}
	EndGlobalSection
EndGlobal
